
Microsoft Visual Studio Solution File, Format Version 12.00
# Visual Studio Version 16
VisualStudioVersion = 16.0.31424.327
MinimumVisualStudioVersion = 10.0.40219.1
Project("{FAE04EC0-301F-11D3-BF4B-00C04F79EFBC}") = "Zadanie_01", "Zadanie_01\Zadanie_01.csproj", "{EFE94459-9AC0-45C6-B540-4CC80FFD3967}"
EndProject
Global
	GlobalSection(SolutionConfigurationPlatforms) = preSolution
		Debug|Any CPU = Debug|Any CPU
		Release|Any CPU = Release|Any CPU
	EndGlobalSection
	GlobalSection(ProjectConfigurationPlatforms) = postSolution
		{EFE94459-9AC0-45C6-B540-4CC80FFD3967}.Debug|Any CPU.ActiveCfg = Debug|Any CPU
		{EFE94459-9AC0-45C6-B540-4CC80FFD3967}.Debug|Any CPU.Build.0 = Debug|Any CPU
		{EFE94459-9AC0-45C6-B540-4CC80FFD3967}.Release|Any CPU.ActiveCfg = Release|Any CPU
		{EFE94459-9AC0-45C6-B540-4CC80FFD3967}.Release|Any CPU.Build.0 = Release|Any CPU
	EndGlobalSection
	GlobalSection(SolutionProperties) = preSolution
		HideSolutionNode = FALSE
	EndGlobalSection
	GlobalSection(ExtensibilityGlobals) = postSolution
		SolutionGuid = {7EAEC85F-F86D-480C-984E-0B5C0A5E36AC}
	EndGlobalSection
EndGlobal
